
Microsoft Visual Studio Solution File, Format Version 12.00
# Visual Studio Version 16
VisualStudioVersion = 16.0.30320.27
MinimumVisualStudioVersion = 10.0.40219.1
Project("{FAE04EC0-301F-11D3-BF4B-00C04F79EFBC}") = "Task.API", "Task.API\Task.API.csproj", "{8F0B2B8C-C9C9-4248-933A-7B697FDA217B}"
EndProject
Project("{FAE04EC0-301F-11D3-BF4B-00C04F79EFBC}") = "Task.Data", "Task.Data\Task.Data.csproj", "{D15FFDD9-7454-4FA7-BC1B-C037ABC8534D}"
EndProject
Project("{FAE04EC0-301F-11D3-BF4B-00C04F79EFBC}") = "Task.Services", "Task.Services\Task.Services.csproj", "{1C4A0AB4-DBF1-4C6C-BB36-5EDCEFDEE978}"
EndProject
Project("{FAE04EC0-301F-11D3-BF4B-00C04F79EFBC}") = "Task.Repositories", "Task.Repositories\Task.Repositories.csproj", "{645FD34A-7C28-44BD-B2A8-C15D3083891F}"
EndProject
Project("{FAE04EC0-301F-11D3-BF4B-00C04F79EFBC}") = "Task.ViewModels", "Task.ViewModels\Task.ViewModels.csproj", "{4AE4E65E-F985-42E6-9A8F-8CBC6B2101D0}"
EndProject
Global
	GlobalSection(SolutionConfigurationPlatforms) = preSolution
		Debug|Any CPU = Debug|Any CPU
		Release|Any CPU = Release|Any CPU
	EndGlobalSection
	GlobalSection(ProjectConfigurationPlatforms) = postSolution
		{8F0B2B8C-C9C9-4248-933A-7B697FDA217B}.Debug|Any CPU.ActiveCfg = Debug|Any CPU
		{8F0B2B8C-C9C9-4248-933A-7B697FDA217B}.Debug|Any CPU.Build.0 = Debug|Any CPU
		{8F0B2B8C-C9C9-4248-933A-7B697FDA217B}.Release|Any CPU.ActiveCfg = Release|Any CPU
		{8F0B2B8C-C9C9-4248-933A-7B697FDA217B}.Release|Any CPU.Build.0 = Release|Any CPU
		{D15FFDD9-7454-4FA7-BC1B-C037ABC8534D}.Debug|Any CPU.ActiveCfg = Debug|Any CPU
		{D15FFDD9-7454-4FA7-BC1B-C037ABC8534D}.Debug|Any CPU.Build.0 = Debug|Any CPU
		{D15FFDD9-7454-4FA7-BC1B-C037ABC8534D}.Release|Any CPU.ActiveCfg = Release|Any CPU
		{D15FFDD9-7454-4FA7-BC1B-C037ABC8534D}.Release|Any CPU.Build.0 = Release|Any CPU
		{1C4A0AB4-DBF1-4C6C-BB36-5EDCEFDEE978}.Debug|Any CPU.ActiveCfg = Debug|Any CPU
		{1C4A0AB4-DBF1-4C6C-BB36-5EDCEFDEE978}.Debug|Any CPU.Build.0 = Debug|Any CPU
		{1C4A0AB4-DBF1-4C6C-BB36-5EDCEFDEE978}.Release|Any CPU.ActiveCfg = Release|Any CPU
		{1C4A0AB4-DBF1-4C6C-BB36-5EDCEFDEE978}.Release|Any CPU.Build.0 = Release|Any CPU
		{645FD34A-7C28-44BD-B2A8-C15D3083891F}.Debug|Any CPU.ActiveCfg = Debug|Any CPU
		{645FD34A-7C28-44BD-B2A8-C15D3083891F}.Debug|Any CPU.Build.0 = Debug|Any CPU
		{645FD34A-7C28-44BD-B2A8-C15D3083891F}.Release|Any CPU.ActiveCfg = Release|Any CPU
		{645FD34A-7C28-44BD-B2A8-C15D3083891F}.Release|Any CPU.Build.0 = Release|Any CPU
		{4AE4E65E-F985-42E6-9A8F-8CBC6B2101D0}.Debug|Any CPU.ActiveCfg = Debug|Any CPU
		{4AE4E65E-F985-42E6-9A8F-8CBC6B2101D0}.Debug|Any CPU.Build.0 = Debug|Any CPU
		{4AE4E65E-F985-42E6-9A8F-8CBC6B2101D0}.Release|Any CPU.ActiveCfg = Release|Any CPU
		{4AE4E65E-F985-42E6-9A8F-8CBC6B2101D0}.Release|Any CPU.Build.0 = Release|Any CPU
	EndGlobalSection
	GlobalSection(SolutionProperties) = preSolution
		HideSolutionNode = FALSE
	EndGlobalSection
	GlobalSection(ExtensibilityGlobals) = postSolution
		SolutionGuid = {569EC48A-9E21-4CA0-9650-44E649D03C3A}
	EndGlobalSection
EndGlobal
